
Microsoft Visual Studio Solution File, Format Version 12.00
# Visual Studio 15
VisualStudioVersion = 15.0.28307.168
MinimumVisualStudioVersion = 10.0.40219.1
Project("{8BC9CEB8-8B4A-11D0-8D11-00A0C91BC942}") = "wangemu", "wangemu.vcxproj", "{D2B25D33-CBC3-4057-8B24-5C08E0D56C78}"
EndProject
Global
	GlobalSection(SolutionConfigurationPlatforms) = preSolution
		Debug|Win32 = Debug|Win32
		DLL Debug|Win32 = DLL Debug|Win32
		DLL Release|Win32 = DLL Release|Win32
		Release|Win32 = Release|Win32
	EndGlobalSection
	GlobalSection(ProjectConfigurationPlatforms) = postSolution
		{D2B25D33-CBC3-4057-8B24-5C08E0D56C78}.Debug|Win32.ActiveCfg = Debug|Win32
		{D2B25D33-CBC3-4057-8B24-5C08E0D56C78}.Debug|Win32.Build.0 = Debug|Win32
		{D2B25D33-CBC3-4057-8B24-5C08E0D56C78}.DLL Debug|Win32.ActiveCfg = Debug|Win32
		{D2B25D33-CBC3-4057-8B24-5C08E0D56C78}.DLL Release|Win32.ActiveCfg = Release|Win32
		{D2B25D33-CBC3-4057-8B24-5C08E0D56C78}.Release|Win32.ActiveCfg = Release|Win32
		{D2B25D33-CBC3-4057-8B24-5C08E0D56C78}.Release|Win32.Build.0 = Release|Win32
	EndGlobalSection
	GlobalSection(SolutionProperties) = preSolution
		HideSolutionNode = FALSE
	EndGlobalSection
	GlobalSection(ExtensibilityGlobals) = postSolution
		SolutionGuid = {C7810D4A-D326-4CCE-B697-CDAA8DBAE660}
	EndGlobalSection
EndGlobal
